
Microsoft Visual Studio Solution File, Format Version 12.00
# Visual Studio Version 17
VisualStudioVersion = 17.13.35913.81 d17.13
MinimumVisualStudioVersion = 10.0.40219.1
Project("{FAE04EC0-301F-11D3-BF4B-00C04F79EFBC}") = "Exercise6", "Exercise6\Exercise6.csproj", "{FF45518F-20CD-42CB-8F8E-28F3C9F8B986}"
EndProject
Global
	GlobalSection(SolutionConfigurationPlatforms) = preSolution
		Debug|Any CPU = Debug|Any CPU
		Release|Any CPU = Release|Any CPU
	EndGlobalSection
	GlobalSection(ProjectConfigurationPlatforms) = postSolution
		{FF45518F-20CD-42CB-8F8E-28F3C9F8B986}.Debug|Any CPU.ActiveCfg = Debug|Any CPU
		{FF45518F-20CD-42CB-8F8E-28F3C9F8B986}.Debug|Any CPU.Build.0 = Debug|Any CPU
		{FF45518F-20CD-42CB-8F8E-28F3C9F8B986}.Release|Any CPU.ActiveCfg = Release|Any CPU
		{FF45518F-20CD-42CB-8F8E-28F3C9F8B986}.Release|Any CPU.Build.0 = Release|Any CPU
	EndGlobalSection
	GlobalSection(SolutionProperties) = preSolution
		HideSolutionNode = FALSE
	EndGlobalSection
	GlobalSection(ExtensibilityGlobals) = postSolution
		SolutionGuid = {B87AB5BC-5775-42A6-B57D-4EF1076B22A2}
	EndGlobalSection
EndGlobal
