Microsoft Visual Studio Solution File, Format Version 12.00
# Visual Studio Version 17
VisualStudioVersion = 17.13.35931.197
MinimumVisualStudioVersion = 10.0.40219.1
Project("{FAE04EC0-301F-11D3-BF4B-00C04F79EFBC}") = "Mosules 4.3.16", "Mosules 4.3.16\Mosules 4.3.16.csproj", "{1FDED07D-6547-45A7-B0B4-CFCF4D1A14AA}"
EndProject
Global
	GlobalSection(SolutionConfigurationPlatforms) = preSolution
		Debug|Any CPU = Debug|Any CPU
		Release|Any CPU = Release|Any CPU
	EndGlobalSection
	GlobalSection(ProjectConfigurationPlatforms) = postSolution
		{1FDED07D-6547-45A7-B0B4-CFCF4D1A14AA}.Debug|Any CPU.ActiveCfg = Debug|Any CPU
		{1FDED07D-6547-45A7-B0B4-CFCF4D1A14AA}.Debug|Any CPU.Build.0 = Debug|Any CPU
		{1FDED07D-6547-45A7-B0B4-CFCF4D1A14AA}.Release|Any CPU.ActiveCfg = Release|Any CPU
		{1FDED07D-6547-45A7-B0B4-CFCF4D1A14AA}.Release|Any CPU.Build.0 = Release|Any CPU
	EndGlobalSection
	GlobalSection(SolutionProperties) = preSolution
		HideSolutionNode = FALSE
	EndGlobalSection
	GlobalSection(ExtensibilityGlobals) = postSolution
		SolutionGuid = {58A4027B-D88A-4E5A-8AC2-5841CEC3A493}
	EndGlobalSection
EndGlobal
