
Microsoft Visual Studio Solution File, Format Version 12.00
# Visual Studio Version 17
VisualStudioVersion = 17.13.35913.81 d17.13
MinimumVisualStudioVersion = 10.0.40219.1
Project("{FAE04EC0-301F-11D3-BF4B-00C04F79EFBC}") = "Module 5.5.8", "Module 5.5.8\Module 5.5.8.csproj", "{C8E5FC85-3A2A-4660-ADB1-5AFF9DF76679}"
EndProject
Global
	GlobalSection(SolutionConfigurationPlatforms) = preSolution
		Debug|Any CPU = Debug|Any CPU
		Release|Any CPU = Release|Any CPU
	EndGlobalSection
	GlobalSection(ProjectConfigurationPlatforms) = postSolution
		{C8E5FC85-3A2A-4660-ADB1-5AFF9DF76679}.Debug|Any CPU.ActiveCfg = Debug|Any CPU
		{C8E5FC85-3A2A-4660-ADB1-5AFF9DF76679}.Debug|Any CPU.Build.0 = Debug|Any CPU
		{C8E5FC85-3A2A-4660-ADB1-5AFF9DF76679}.Release|Any CPU.ActiveCfg = Release|Any CPU
		{C8E5FC85-3A2A-4660-ADB1-5AFF9DF76679}.Release|Any CPU.Build.0 = Release|Any CPU
	EndGlobalSection
	GlobalSection(SolutionProperties) = preSolution
		HideSolutionNode = FALSE
	EndGlobalSection
	GlobalSection(ExtensibilityGlobals) = postSolution
		SolutionGuid = {96B0A7A9-6B7E-4FCC-BF20-74B5E88DAFDC}
	EndGlobalSection
EndGlobal
