Microsoft Visual Studio Solution File, Format Version 12.00
# Visual Studio Version 17
VisualStudioVersion = 17.13.35931.197
MinimumVisualStudioVersion = 10.0.40219.1
Project("{FAE04EC0-301F-11D3-BF4B-00C04F79EFBC}") = "Module 4.4.2", "Module 4.4.2\Module 4.4.2.csproj", "{9B04B48A-14DB-40FC-95CF-C2AF78D959A7}"
EndProject
Global
	GlobalSection(SolutionConfigurationPlatforms) = preSolution
		Debug|Any CPU = Debug|Any CPU
		Release|Any CPU = Release|Any CPU
	EndGlobalSection
	GlobalSection(ProjectConfigurationPlatforms) = postSolution
		{9B04B48A-14DB-40FC-95CF-C2AF78D959A7}.Debug|Any CPU.ActiveCfg = Debug|Any CPU
		{9B04B48A-14DB-40FC-95CF-C2AF78D959A7}.Debug|Any CPU.Build.0 = Debug|Any CPU
		{9B04B48A-14DB-40FC-95CF-C2AF78D959A7}.Release|Any CPU.ActiveCfg = Release|Any CPU
		{9B04B48A-14DB-40FC-95CF-C2AF78D959A7}.Release|Any CPU.Build.0 = Release|Any CPU
	EndGlobalSection
	GlobalSection(SolutionProperties) = preSolution
		HideSolutionNode = FALSE
	EndGlobalSection
	GlobalSection(ExtensibilityGlobals) = postSolution
		SolutionGuid = {DECB02B2-3083-41D6-8DE6-17B2B3BD1E41}
	EndGlobalSection
EndGlobal
