Microsoft Visual Studio Solution File, Format Version 12.00
# Visual Studio Version 17
VisualStudioVersion = 17.13.35931.197
MinimumVisualStudioVersion = 10.0.40219.1
Project("{FAE04EC0-301F-11D3-BF4B-00C04F79EFBC}") = "FirstApp", "FirstApp\FirstApp.csproj", "{4DABD410-D802-4644-9E9A-E27CB3CDB62C}"
EndProject
Global
	GlobalSection(SolutionConfigurationPlatforms) = preSolution
		Debug|Any CPU = Debug|Any CPU
		Release|Any CPU = Release|Any CPU
	EndGlobalSection
	GlobalSection(ProjectConfigurationPlatforms) = postSolution
		{4DABD410-D802-4644-9E9A-E27CB3CDB62C}.Debug|Any CPU.ActiveCfg = Debug|Any CPU
		{4DABD410-D802-4644-9E9A-E27CB3CDB62C}.Debug|Any CPU.Build.0 = Debug|Any CPU
		{4DABD410-D802-4644-9E9A-E27CB3CDB62C}.Release|Any CPU.ActiveCfg = Release|Any CPU
		{4DABD410-D802-4644-9E9A-E27CB3CDB62C}.Release|Any CPU.Build.0 = Release|Any CPU
	EndGlobalSection
	GlobalSection(SolutionProperties) = preSolution
		HideSolutionNode = FALSE
	EndGlobalSection
	GlobalSection(ExtensibilityGlobals) = postSolution
		SolutionGuid = {27C89B53-1843-4160-895E-89543DAB7829}
	EndGlobalSection
EndGlobal
